
Microsoft Visual Studio Solution File, Format Version 12.00
# Visual Studio Version 17
VisualStudioVersion = 17.8.34601.278
MinimumVisualStudioVersion = 10.0.40219.1
Project("{2150E333-8FDC-42A3-9474-1A3956D46DE8}") = "src", "src", "{20C9FE73-76B1-4FBB-B919-D00E09B8154B}"
EndProject
Project("{2150E333-8FDC-42A3-9474-1A3956D46DE8}") = "test", "test", "{E5418C16-D812-4CA9-A1CD-9874803B1DEC}"
EndProject
Project("{2150E333-8FDC-42A3-9474-1A3956D46DE8}") = "API", "API", "{260485DA-C5EA-4B0E-B98E-152291ABA677}"
EndProject
Project("{2150E333-8FDC-42A3-9474-1A3956D46DE8}") = "Core", "Core", "{C075053C-776C-4BCA-948B-F3212B8798B1}"
EndProject
Project("{2150E333-8FDC-42A3-9474-1A3956D46DE8}") = "Infrastructure", "Infrastructure", "{59E0153F-B224-4D52-AB3B-B359BFAA8E22}"
EndProject
Project("{2150E333-8FDC-42A3-9474-1A3956D46DE8}") = "UI", "UI", "{15FB7E85-19DD-40B6-AD2F-233FA07ADAAF}"
EndProject
Project("{FAE04EC0-301F-11D3-BF4B-00C04F79EFBC}") = "GloboTicket.TicketManagement.Domain", "GloboTicket.TicketManagement.Domain\GloboTicket.TicketManagement.Domain.csproj", "{E71C26D3-C747-4C83-BC06-66C822EB2A5C}"
EndProject
Global
	GlobalSection(SolutionConfigurationPlatforms) = preSolution
		Debug|Any CPU = Debug|Any CPU
		Release|Any CPU = Release|Any CPU
	EndGlobalSection
	GlobalSection(ProjectConfigurationPlatforms) = postSolution
		{E71C26D3-C747-4C83-BC06-66C822EB2A5C}.Debug|Any CPU.ActiveCfg = Debug|Any CPU
		{E71C26D3-C747-4C83-BC06-66C822EB2A5C}.Debug|Any CPU.Build.0 = Debug|Any CPU
		{E71C26D3-C747-4C83-BC06-66C822EB2A5C}.Release|Any CPU.ActiveCfg = Release|Any CPU
		{E71C26D3-C747-4C83-BC06-66C822EB2A5C}.Release|Any CPU.Build.0 = Release|Any CPU
	EndGlobalSection
	GlobalSection(SolutionProperties) = preSolution
		HideSolutionNode = FALSE
	EndGlobalSection
	GlobalSection(NestedProjects) = preSolution
		{260485DA-C5EA-4B0E-B98E-152291ABA677} = {20C9FE73-76B1-4FBB-B919-D00E09B8154B}
		{C075053C-776C-4BCA-948B-F3212B8798B1} = {20C9FE73-76B1-4FBB-B919-D00E09B8154B}
		{59E0153F-B224-4D52-AB3B-B359BFAA8E22} = {20C9FE73-76B1-4FBB-B919-D00E09B8154B}
		{15FB7E85-19DD-40B6-AD2F-233FA07ADAAF} = {20C9FE73-76B1-4FBB-B919-D00E09B8154B}
		{E71C26D3-C747-4C83-BC06-66C822EB2A5C} = {C075053C-776C-4BCA-948B-F3212B8798B1}
	EndGlobalSection
	GlobalSection(ExtensibilityGlobals) = postSolution
		SolutionGuid = {F91D0630-0C82-4130-9445-C5F5B011BCAB}
	EndGlobalSection
EndGlobal
